
Microsoft Visual Studio Solution File, Format Version 11.00
# Visual Studio 2010
Project("{FAE04EC0-301F-11D3-BF4B-00C04F79EFBC}") = "ProcessadorBG", "Processador\ProcessadorBG.csproj", "{39E31F49-11A9-4301-A181-61C00A77E55E}"
EndProject
Project("{FAE04EC0-301F-11D3-BF4B-00C04F79EFBC}") = "Observer", "Observer\Observer.csproj", "{93813EB0-586B-4119-A9AC-792B8753478D}"
EndProject
Project("{FAE04EC0-301F-11D3-BF4B-00C04F79EFBC}") = "ImportadorArquivo", "ImportadorArquivo\ImportadorArquivo.csproj", "{C6ACAE8A-0395-44C1-B27D-04AAE43F4F0C}"
EndProject
Project("{FAE04EC0-301F-11D3-BF4B-00C04F79EFBC}") = "ImportarArquivoMVC2", "ImportarArquivoMVC2\ImportarArquivoMVC2.csproj", "{4775E7C1-5542-41B1-B526-BE27DD95B944}"
EndProject
Project("{FAE04EC0-301F-11D3-BF4B-00C04F79EFBC}") = "SQLlayer", "SQLlayer\SQLlayer.csproj", "{2AEDC10E-6BB5-4489-ABE6-307318DDBBD6}"
EndProject
Global
	GlobalSection(SolutionConfigurationPlatforms) = preSolution
		Debug|Any CPU = Debug|Any CPU
		Release|Any CPU = Release|Any CPU
	EndGlobalSection
	GlobalSection(ProjectConfigurationPlatforms) = postSolution
		{39E31F49-11A9-4301-A181-61C00A77E55E}.Debug|Any CPU.ActiveCfg = Debug|Any CPU
		{39E31F49-11A9-4301-A181-61C00A77E55E}.Debug|Any CPU.Build.0 = Debug|Any CPU
		{39E31F49-11A9-4301-A181-61C00A77E55E}.Release|Any CPU.ActiveCfg = Release|Any CPU
		{39E31F49-11A9-4301-A181-61C00A77E55E}.Release|Any CPU.Build.0 = Release|Any CPU
		{93813EB0-586B-4119-A9AC-792B8753478D}.Debug|Any CPU.ActiveCfg = Debug|Any CPU
		{93813EB0-586B-4119-A9AC-792B8753478D}.Debug|Any CPU.Build.0 = Debug|Any CPU
		{93813EB0-586B-4119-A9AC-792B8753478D}.Release|Any CPU.ActiveCfg = Release|Any CPU
		{93813EB0-586B-4119-A9AC-792B8753478D}.Release|Any CPU.Build.0 = Release|Any CPU
		{C6ACAE8A-0395-44C1-B27D-04AAE43F4F0C}.Debug|Any CPU.ActiveCfg = Debug|Any CPU
		{C6ACAE8A-0395-44C1-B27D-04AAE43F4F0C}.Debug|Any CPU.Build.0 = Debug|Any CPU
		{C6ACAE8A-0395-44C1-B27D-04AAE43F4F0C}.Release|Any CPU.ActiveCfg = Release|Any CPU
		{C6ACAE8A-0395-44C1-B27D-04AAE43F4F0C}.Release|Any CPU.Build.0 = Release|Any CPU
		{4775E7C1-5542-41B1-B526-BE27DD95B944}.Debug|Any CPU.ActiveCfg = Debug|Any CPU
		{4775E7C1-5542-41B1-B526-BE27DD95B944}.Debug|Any CPU.Build.0 = Debug|Any CPU
		{4775E7C1-5542-41B1-B526-BE27DD95B944}.Release|Any CPU.ActiveCfg = Release|Any CPU
		{4775E7C1-5542-41B1-B526-BE27DD95B944}.Release|Any CPU.Build.0 = Release|Any CPU
		{2AEDC10E-6BB5-4489-ABE6-307318DDBBD6}.Debug|Any CPU.ActiveCfg = Debug|Any CPU
		{2AEDC10E-6BB5-4489-ABE6-307318DDBBD6}.Debug|Any CPU.Build.0 = Debug|Any CPU
		{2AEDC10E-6BB5-4489-ABE6-307318DDBBD6}.Release|Any CPU.ActiveCfg = Release|Any CPU
		{2AEDC10E-6BB5-4489-ABE6-307318DDBBD6}.Release|Any CPU.Build.0 = Release|Any CPU
	EndGlobalSection
	GlobalSection(SolutionProperties) = preSolution
		HideSolutionNode = FALSE
	EndGlobalSection
EndGlobal
